
Microsoft Visual Studio Solution File, Format Version 12.00
# Visual Studio Version 16
VisualStudioVersion = 16.0.31129.286
MinimumVisualStudioVersion = 10.0.40219.1
Project("{FAE04EC0-301F-11D3-BF4B-00C04F79EFBC}") = "TP2Exceptions", "TP2Exceptions.csproj", "{FCEE7232-66E1-4B1A-A3D6-8D1308BA8BF5}"
EndProject
Global
	GlobalSection(SolutionConfigurationPlatforms) = preSolution
		Debug|Any CPU = Debug|Any CPU
		Release|Any CPU = Release|Any CPU
	EndGlobalSection
	GlobalSection(ProjectConfigurationPlatforms) = postSolution
		{FCEE7232-66E1-4B1A-A3D6-8D1308BA8BF5}.Debug|Any CPU.ActiveCfg = Debug|Any CPU
		{FCEE7232-66E1-4B1A-A3D6-8D1308BA8BF5}.Debug|Any CPU.Build.0 = Debug|Any CPU
		{FCEE7232-66E1-4B1A-A3D6-8D1308BA8BF5}.Release|Any CPU.ActiveCfg = Release|Any CPU
		{FCEE7232-66E1-4B1A-A3D6-8D1308BA8BF5}.Release|Any CPU.Build.0 = Release|Any CPU
	EndGlobalSection
	GlobalSection(SolutionProperties) = preSolution
		HideSolutionNode = FALSE
	EndGlobalSection
	GlobalSection(ExtensibilityGlobals) = postSolution
		SolutionGuid = {F850EDB0-E26B-4F45-B93D-AF4E46A42E9F}
	EndGlobalSection
EndGlobal
